
Microsoft Visual Studio Solution File, Format Version 12.00
# Visual Studio Version 17
VisualStudioVersion = 17.0.32014.148
MinimumVisualStudioVersion = 10.0.40219.1
Project("{FAE04EC0-301F-11D3-BF4B-00C04F79EFBC}") = "BaseHrefHotReloadBug", "BaseHrefHotReloadBug.csproj", "{EFD2B295-E6EC-4643-AAB2-298DFC1083D3}"
EndProject
Global
	GlobalSection(SolutionConfigurationPlatforms) = preSolution
		Debug|Any CPU = Debug|Any CPU
		Release|Any CPU = Release|Any CPU
	EndGlobalSection
	GlobalSection(ProjectConfigurationPlatforms) = postSolution
		{EFD2B295-E6EC-4643-AAB2-298DFC1083D3}.Debug|Any CPU.ActiveCfg = Debug|Any CPU
		{EFD2B295-E6EC-4643-AAB2-298DFC1083D3}.Debug|Any CPU.Build.0 = Debug|Any CPU
		{EFD2B295-E6EC-4643-AAB2-298DFC1083D3}.Release|Any CPU.ActiveCfg = Release|Any CPU
		{EFD2B295-E6EC-4643-AAB2-298DFC1083D3}.Release|Any CPU.Build.0 = Release|Any CPU
	EndGlobalSection
	GlobalSection(SolutionProperties) = preSolution
		HideSolutionNode = FALSE
	EndGlobalSection
	GlobalSection(ExtensibilityGlobals) = postSolution
		SolutionGuid = {424F710B-84CC-4F5B-A936-F20314420CF1}
	EndGlobalSection
EndGlobal
